
Microsoft Visual Studio Solution File, Format Version 12.00
# Visual Studio Version 17
VisualStudioVersion = 17.8.34525.116
MinimumVisualStudioVersion = 10.0.40219.1
Project("{FAE04EC0-301F-11D3-BF4B-00C04F79EFBC}") = "LightChangingScript", "LightChangingScript\LightChangingScript.csproj", "{8048437A-7514-4EC5-A73A-6F43206B9036}"
EndProject
Global
	GlobalSection(SolutionConfigurationPlatforms) = preSolution
		Debug|x64 = Debug|x64
	EndGlobalSection
	GlobalSection(ProjectConfigurationPlatforms) = postSolution
		{8048437A-7514-4EC5-A73A-6F43206B9036}.Debug|x64.ActiveCfg = Debug|x64
		{8048437A-7514-4EC5-A73A-6F43206B9036}.Debug|x64.Build.0 = Debug|x64
	EndGlobalSection
	GlobalSection(SolutionProperties) = preSolution
		HideSolutionNode = FALSE
	EndGlobalSection
	GlobalSection(ExtensibilityGlobals) = postSolution
		SolutionGuid = {DAA44729-F266-4F85-B3E0-60D7F31BE98A}
	EndGlobalSection
EndGlobal
